
Microsoft Visual Studio Solution File, Format Version 12.00
# Visual Studio 2012
Project("{FAE04EC0-301F-11D3-BF4B-00C04F79EFBC}") = "Lorg", "Lorg\Lorg.csproj", "{A6B5443E-20E5-4ED1-9E8C-DCFE03B15A3C}"
EndProject
Global
	GlobalSection(SolutionConfigurationPlatforms) = preSolution
		Debug|Any CPU = Debug|Any CPU
		Release|Any CPU = Release|Any CPU
	EndGlobalSection
	GlobalSection(ProjectConfigurationPlatforms) = postSolution
		{A6B5443E-20E5-4ED1-9E8C-DCFE03B15A3C}.Debug|Any CPU.ActiveCfg = Debug|Any CPU
		{A6B5443E-20E5-4ED1-9E8C-DCFE03B15A3C}.Debug|Any CPU.Build.0 = Debug|Any CPU
		{A6B5443E-20E5-4ED1-9E8C-DCFE03B15A3C}.Release|Any CPU.ActiveCfg = Release|Any CPU
		{A6B5443E-20E5-4ED1-9E8C-DCFE03B15A3C}.Release|Any CPU.Build.0 = Release|Any CPU
	EndGlobalSection
	GlobalSection(SolutionProperties) = preSolution
		HideSolutionNode = FALSE
	EndGlobalSection
EndGlobal
